
Microsoft Visual Studio Solution File, Format Version 12.00
# Visual Studio Version 16
VisualStudioVersion = 16.0.32630.194
MinimumVisualStudioVersion = 10.0.40219.1
Project("{FAE04EC0-301F-11D3-BF4B-00C04F79EFBC}") = "CommandCenter", "CommandCenter.csproj", "{1645AF84-C26A-4649-A122-559732F2DB5E}"
EndProject
Global
	GlobalSection(SolutionConfigurationPlatforms) = preSolution
		Debug|Any CPU = Debug|Any CPU
		Release|Any CPU = Release|Any CPU
	EndGlobalSection
	GlobalSection(ProjectConfigurationPlatforms) = postSolution
		{1645AF84-C26A-4649-A122-559732F2DB5E}.Debug|Any CPU.ActiveCfg = Debug|Any CPU
		{1645AF84-C26A-4649-A122-559732F2DB5E}.Debug|Any CPU.Build.0 = Debug|Any CPU
		{1645AF84-C26A-4649-A122-559732F2DB5E}.Release|Any CPU.ActiveCfg = Release|Any CPU
		{1645AF84-C26A-4649-A122-559732F2DB5E}.Release|Any CPU.Build.0 = Release|Any CPU
	EndGlobalSection
	GlobalSection(SolutionProperties) = preSolution
		HideSolutionNode = FALSE
	EndGlobalSection
	GlobalSection(ExtensibilityGlobals) = postSolution
		SolutionGuid = {D2262185-2132-456B-87CD-98A95B6A19FF}
	EndGlobalSection
EndGlobal
